
Microsoft Visual Studio Solution File, Format Version 12.00
# Visual Studio 2012
Project("{FAE04EC0-301F-11D3-BF4B-00C04F79EFBC}") = "Naos.TeamCityAPI.Wrapper", "Naos.TeamCity.APIWrapper\Naos.TeamCityAPI.Wrapper.csproj", "{F4BEAE51-48CD-4D85-8251-D3F6112AD06E}"
EndProject
Global
	GlobalSection(SolutionConfigurationPlatforms) = preSolution
		Debug|Any CPU = Debug|Any CPU
		Release|Any CPU = Release|Any CPU
	EndGlobalSection
	GlobalSection(ProjectConfigurationPlatforms) = postSolution
		{F4BEAE51-48CD-4D85-8251-D3F6112AD06E}.Debug|Any CPU.ActiveCfg = Debug|Any CPU
		{F4BEAE51-48CD-4D85-8251-D3F6112AD06E}.Debug|Any CPU.Build.0 = Debug|Any CPU
		{F4BEAE51-48CD-4D85-8251-D3F6112AD06E}.Release|Any CPU.ActiveCfg = Release|Any CPU
		{F4BEAE51-48CD-4D85-8251-D3F6112AD06E}.Release|Any CPU.Build.0 = Release|Any CPU
	EndGlobalSection
	GlobalSection(SolutionProperties) = preSolution
		HideSolutionNode = FALSE
	EndGlobalSection
EndGlobal
